
Microsoft Visual Studio Solution File, Format Version 12.00
# Visual Studio Version 17
VisualStudioVersion = 17.9.34622.214
MinimumVisualStudioVersion = 10.0.40219.1
Project("{9A19103F-16F7-4668-BE54-9A1E7A4F7556}") = "Apps.Termbase.io", "Apps.Termbase.io\Apps.Termbase.io.csproj", "{481205CF-CA95-43E4-A56D-0732ED4C8FA0}"
EndProject
Project("{9A19103F-16F7-4668-BE54-9A1E7A4F7556}") = "ConsoleApp", "ConsoleApp\ConsoleApp.csproj", "{0133D437-3735-423A-A5D4-18BE1D30981D}"
EndProject
Global
	GlobalSection(SolutionConfigurationPlatforms) = preSolution
		Debug|Any CPU = Debug|Any CPU
		Release|Any CPU = Release|Any CPU
	EndGlobalSection
	GlobalSection(ProjectConfigurationPlatforms) = postSolution
		{481205CF-CA95-43E4-A56D-0732ED4C8FA0}.Debug|Any CPU.ActiveCfg = Debug|Any CPU
		{481205CF-CA95-43E4-A56D-0732ED4C8FA0}.Debug|Any CPU.Build.0 = Debug|Any CPU
		{481205CF-CA95-43E4-A56D-0732ED4C8FA0}.Release|Any CPU.ActiveCfg = Release|Any CPU
		{481205CF-CA95-43E4-A56D-0732ED4C8FA0}.Release|Any CPU.Build.0 = Release|Any CPU
		{0133D437-3735-423A-A5D4-18BE1D30981D}.Debug|Any CPU.ActiveCfg = Debug|Any CPU
		{0133D437-3735-423A-A5D4-18BE1D30981D}.Debug|Any CPU.Build.0 = Debug|Any CPU
		{0133D437-3735-423A-A5D4-18BE1D30981D}.Release|Any CPU.ActiveCfg = Release|Any CPU
		{0133D437-3735-423A-A5D4-18BE1D30981D}.Release|Any CPU.Build.0 = Release|Any CPU
	EndGlobalSection
	GlobalSection(SolutionProperties) = preSolution
		HideSolutionNode = FALSE
	EndGlobalSection
	GlobalSection(ExtensibilityGlobals) = postSolution
		SolutionGuid = {90C19399-F29B-4936-BF98-55339B3F2273}
	EndGlobalSection
EndGlobal
